
Microsoft Visual Studio Solution File, Format Version 12.00
# Visual Studio Version 17
VisualStudioVersion = 17.1.32421.90
MinimumVisualStudioVersion = 10.0.40219.1
Project("{FAE04EC0-301F-11D3-BF4B-00C04F79EFBC}") = "ABMPersonaMio1", "ABMPersonaMio1.csproj", "{3BF75F4A-CF3D-45F1-A79E-E2AB4285ADA8}"
EndProject
Global
	GlobalSection(SolutionConfigurationPlatforms) = preSolution
		Debug|Any CPU = Debug|Any CPU
		Release|Any CPU = Release|Any CPU
	EndGlobalSection
	GlobalSection(ProjectConfigurationPlatforms) = postSolution
		{3BF75F4A-CF3D-45F1-A79E-E2AB4285ADA8}.Debug|Any CPU.ActiveCfg = Debug|Any CPU
		{3BF75F4A-CF3D-45F1-A79E-E2AB4285ADA8}.Debug|Any CPU.Build.0 = Debug|Any CPU
		{3BF75F4A-CF3D-45F1-A79E-E2AB4285ADA8}.Release|Any CPU.ActiveCfg = Release|Any CPU
		{3BF75F4A-CF3D-45F1-A79E-E2AB4285ADA8}.Release|Any CPU.Build.0 = Release|Any CPU
	EndGlobalSection
	GlobalSection(SolutionProperties) = preSolution
		HideSolutionNode = FALSE
	EndGlobalSection
	GlobalSection(ExtensibilityGlobals) = postSolution
		SolutionGuid = {F1D7F5EF-90ED-4CD2-B8D6-1EE6A8315B18}
	EndGlobalSection
EndGlobal
